{
  "name": "projects",
  "lockfileVersion": 2,
  "requires": true,
  "packages": {
    "": {
      "dependencies": {
        "bootstrap": "^5.3.0",
        "ng2-bootstrap": "^1.6.3"
      }
    },
    "node_modules/@angular/common": {
      "version": "16.1.2",
      "resolved": "https://registry.npmjs.org/@angular/common/-/common-16.1.2.tgz",
      "integrity": "sha512-MrJ1CUKg4H8fH0Jc771gLceVcawBPjIM6TSLEM7DMeX7SZ6eSU9HAOCTHXBg7Kmb7ZS19G1BQBD/tkjivszk+Q==",
      "peer": true,
      "dependencies": {
        "tslib": "^2.3.0"
      },
      "engines": {
        "node": "^16.14.0 || >=18.10.0"
      },
      "peerDependencies": {
        "@angular/core": "16.1.2",
        "rxjs": "^6.5.3 || ^7.4.0"
      }
    },
    "node_modules/@angular/compiler": {
      "version": "16.1.2",
      "resolved": "https://registry.npmjs.org/@angular/compiler/-/compiler-16.1.2.tgz",
      "integrity": "sha512-uLUyesolGL8sEb03GfwSFbtTa++XPQyabAUi53Nz5jzRhFzxCa6cO7w4DCxp7yzQM+8jiPKAuw9bQDNv1eYR7A==",
      "peer": true,
      "dependencies": {
        "tslib": "^2.3.0"
      },
      "engines": {
        "node": "^16.14.0 || >=18.10.0"
      },
      "peerDependencies": {
        "@angular/core": "16.1.2"
      },
      "peerDependenciesMeta": {
        "@angular/core": {
          "optional": true
        }
      }
    },
    "node_modules/@angular/core": {
      "version": "16.1.2",
      "resolved": "https://registry.npmjs.org/@angular/core/-/core-16.1.2.tgz",
      "integrity": "sha512-1w8DcSY/ZJT6qBaZWZGNQ50YQ5Cffm7xXSIcjIZeQwQKRAZNlZ1O/pFEer1kvxkAbVsQH3Nf6kB6t8PkNFCWMg==",
      "peer": true,
      "dependencies": {
        "tslib": "^2.3.0"
      },
      "engines": {
        "node": "^16.14.0 || >=18.10.0"
      },
      "peerDependencies": {
        "rxjs": "^6.5.3 || ^7.4.0",
        "zone.js": "~0.13.0"
      }
    },
    "node_modules/@angular/forms": {
      "version": "16.1.2",
      "resolved": "https://registry.npmjs.org/@angular/forms/-/forms-16.1.2.tgz",
      "integrity": "sha512-OyAQRYE6B2NbucoE5KzmxkQqFFlcSnB8/LWS/J9KHGB1QkPdYJCuWSccypeo4YxgVjYCSvHDnO6jBiHDfwDBuQ==",
      "peer": true,
      "dependencies": {
        "tslib": "^2.3.0"
      },
      "engines": {
        "node": "^16.14.0 || >=18.10.0"
      },
      "peerDependencies": {
        "@angular/common": "16.1.2",
        "@angular/core": "16.1.2",
        "@angular/platform-browser": "16.1.2",
        "rxjs": "^6.5.3 || ^7.4.0"
      }
    },
    "node_modules/@angular/platform-browser": {
      "version": "16.1.2",
      "resolved": "https://registry.npmjs.org/@angular/platform-browser/-/platform-browser-16.1.2.tgz",
      "integrity": "sha512-jFelRYaVaD2F2ph+Z4tsQUxpw1gGiOU0t5i77srrHDtm+KXpERyYbnXQTog+6q+ScNtsB++0JNkiPQV6oOjtIw==",
      "peer": true,
      "dependencies": {
        "tslib": "^2.3.0"
      },
      "engines": {
        "node": "^16.14.0 || >=18.10.0"
      },
      "peerDependencies": {
        "@angular/animations": "16.1.2",
        "@angular/common": "16.1.2",
        "@angular/core": "16.1.2"
      },
      "peerDependenciesMeta": {
        "@angular/animations": {
          "optional": true
        }
      }
    },
    "node_modules/@popperjs/core": {
      "version": "2.11.8",
      "resolved": "https://registry.npmjs.org/@popperjs/core/-/core-2.11.8.tgz",
      "integrity": "sha512-P1st0aksCrn9sGZhp8GMYwBnQsbvAWsZAX44oXNNvLHGqAOcoVxmjZiohstwQ7SqKnbR47akdNi+uleWD8+g6A==",
      "peer": true,
      "funding": {
        "type": "opencollective",
        "url": "https://opencollective.com/popperjs"
      }
    },
    "node_modules/bootstrap": {
      "version": "5.3.0",
      "resolved": "https://registry.npmjs.org/bootstrap/-/bootstrap-5.3.0.tgz",
      "integrity": "sha512-UnBV3E3v4STVNQdms6jSGO2CvOkjUMdDAVR2V5N4uCMdaIkaQjbcEAMqRimDHIs4uqBYzDAKCQwCB+97tJgHQw==",
      "funding": [
        {
          "type": "github",
          "url": "https://github.com/sponsors/twbs"
        },
        {
          "type": "opencollective",
          "url": "https://opencollective.com/bootstrap"
        }
      ],
      "peerDependencies": {
        "@popperjs/core": "^2.11.7"
      }
    },
    "node_modules/moment": {
      "version": "2.18.1",
      "resolved": "https://registry.npmjs.org/moment/-/moment-2.18.1.tgz",
      "integrity": "sha512-QGcnVKRSEhbWy2i0pqFhjWMCczL/YU5ICMB3maUavFcyUqBszRnzsswvOaGOqSfWZ/R+dMnb9gGBuRT4LMTdVQ==",
      "engines": {
        "node": "*"
      }
    },
    "node_modules/ng2-bootstrap": {
      "version": "1.6.3",
      "resolved": "https://registry.npmjs.org/ng2-bootstrap/-/ng2-bootstrap-1.6.3.tgz",
      "integrity": "sha512-6tuyUJxYd4uwqGwxD5mNwdMsX2gMXSxDWQQUYBhhIwtoHTRbZ+EO2E5oqrDDHGuKVDjgjV5dlcMaI1b9ZavjaQ==",
      "deprecated": "ng2-bootstrap is renamed to ngx-bootstrap, please do npm i ngx-bootstrap -S",
      "dependencies": {
        "moment": "2.18.1"
      },
      "peerDependencies": {
        "@angular/common": "^2.3.1 || >=4.0.0",
        "@angular/compiler": "^2.3.1 || >=4.0.0",
        "@angular/core": "^2.3.1 || >=4.0.0",
        "@angular/forms": "^2.3.1 || >=4.0.0"
      }
    },
    "node_modules/rxjs": {
      "version": "7.8.1",
      "resolved": "https://registry.npmjs.org/rxjs/-/rxjs-7.8.1.tgz",
      "integrity": "sha512-AA3TVj+0A2iuIoQkWEK/tqFjBq2j+6PO6Y0zJcvzLAFhEFIO3HL0vls9hWLncZbAAbK0mar7oZ4V079I/qPMxg==",
      "peer": true,
      "dependencies": {
        "tslib": "^2.1.0"
      }
    },
    "node_modules/tslib": {
      "version": "2.6.0",
      "resolved": "https://registry.npmjs.org/tslib/-/tslib-2.6.0.tgz",
      "integrity": "sha512-7At1WUettjcSRHXCyYtTselblcHl9PJFFVKiCAy/bY97+BPZXSQ2wbq0P9s8tK2G7dFQfNnlJnPAiArVBVBsfA==",
      "peer": true
    },
    "node_modules/zone.js": {
      "version": "0.13.1",
      "resolved": "https://registry.npmjs.org/zone.js/-/zone.js-0.13.1.tgz",
      "integrity": "sha512-+bIeDAFEBYuXRuU3qGQvzdPap+N1zjM4KkBAiiQuVVCrHrhjDuY6VkUhNa5+U27+9w0q3fbKiMCbpJ0XzMmSWA==",
      "peer": true,
      "dependencies": {
        "tslib": "^2.3.0"
      }
    }
  },
  "dependencies": {
    "@angular/common": {
      "version": "16.1.2",
      "resolved": "https://registry.npmjs.org/@angular/common/-/common-16.1.2.tgz",
      "integrity": "sha512-MrJ1CUKg4H8fH0Jc771gLceVcawBPjIM6TSLEM7DMeX7SZ6eSU9HAOCTHXBg7Kmb7ZS19G1BQBD/tkjivszk+Q==",
      "peer": true,
      "requires": {
        "tslib": "^2.3.0"
      }
    },
    "@angular/compiler": {
      "version": "16.1.2",
      "resolved": "https://registry.npmjs.org/@angular/compiler/-/compiler-16.1.2.tgz",
      "integrity": "sha512-uLUyesolGL8sEb03GfwSFbtTa++XPQyabAUi53Nz5jzRhFzxCa6cO7w4DCxp7yzQM+8jiPKAuw9bQDNv1eYR7A==",
      "peer": true,
      "requires": {
        "tslib": "^2.3.0"
      }
    },
    "@angular/core": {
      "version": "16.1.2",
      "resolved": "https://registry.npmjs.org/@angular/core/-/core-16.1.2.tgz",
      "integrity": "sha512-1w8DcSY/ZJT6qBaZWZGNQ50YQ5Cffm7xXSIcjIZeQwQKRAZNlZ1O/pFEer1kvxkAbVsQH3Nf6kB6t8PkNFCWMg==",
      "peer": true,
      "requires": {
        "tslib": "^2.3.0"
      }
    },
    "@angular/forms": {
      "version": "16.1.2",
      "resolved": "https://registry.npmjs.org/@angular/forms/-/forms-16.1.2.tgz",
      "integrity": "sha512-OyAQRYE6B2NbucoE5KzmxkQqFFlcSnB8/LWS/J9KHGB1QkPdYJCuWSccypeo4YxgVjYCSvHDnO6jBiHDfwDBuQ==",
      "peer": true,
      "requires": {
        "tslib": "^2.3.0"
      }
    },
    "@angular/platform-browser": {
      "version": "16.1.2",
      "resolved": "https://registry.npmjs.org/@angular/platform-browser/-/platform-browser-16.1.2.tgz",
      "integrity": "sha512-jFelRYaVaD2F2ph+Z4tsQUxpw1gGiOU0t5i77srrHDtm+KXpERyYbnXQTog+6q+ScNtsB++0JNkiPQV6oOjtIw==",
      "peer": true,
      "requires": {
        "tslib": "^2.3.0"
      }
    },
    "@popperjs/core": {
      "version": "2.11.8",
      "resolved": "https://registry.npmjs.org/@popperjs/core/-/core-2.11.8.tgz",
      "integrity": "sha512-P1st0aksCrn9sGZhp8GMYwBnQsbvAWsZAX44oXNNvLHGqAOcoVxmjZiohstwQ7SqKnbR47akdNi+uleWD8+g6A==",
      "peer": true
    },
    "bootstrap": {
      "version": "5.3.0",
      "resolved": "https://registry.npmjs.org/bootstrap/-/bootstrap-5.3.0.tgz",
      "integrity": "sha512-UnBV3E3v4STVNQdms6jSGO2CvOkjUMdDAVR2V5N4uCMdaIkaQjbcEAMqRimDHIs4uqBYzDAKCQwCB+97tJgHQw==",
      "requires": {}
    },
    "moment": {
      "version": "2.18.1",
      "resolved": "https://registry.npmjs.org/moment/-/moment-2.18.1.tgz",
      "integrity": "sha512-QGcnVKRSEhbWy2i0pqFhjWMCczL/YU5ICMB3maUavFcyUqBszRnzsswvOaGOqSfWZ/R+dMnb9gGBuRT4LMTdVQ=="
    },
    "ng2-bootstrap": {
      "version": "1.6.3",
      "resolved": "https://registry.npmjs.org/ng2-bootstrap/-/ng2-bootstrap-1.6.3.tgz",
      "integrity": "sha512-6tuyUJxYd4uwqGwxD5mNwdMsX2gMXSxDWQQUYBhhIwtoHTRbZ+EO2E5oqrDDHGuKVDjgjV5dlcMaI1b9ZavjaQ==",
      "requires": {
        "moment": "2.18.1"
      }
    },
    "rxjs": {
      "version": "7.8.1",
      "resolved": "https://registry.npmjs.org/rxjs/-/rxjs-7.8.1.tgz",
      "integrity": "sha512-AA3TVj+0A2iuIoQkWEK/tqFjBq2j+6PO6Y0zJcvzLAFhEFIO3HL0vls9hWLncZbAAbK0mar7oZ4V079I/qPMxg==",
      "peer": true,
      "requires": {
        "tslib": "^2.1.0"
      }
    },
    "tslib": {
      "version": "2.6.0",
      "resolved": "https://registry.npmjs.org/tslib/-/tslib-2.6.0.tgz",
      "integrity": "sha512-7At1WUettjcSRHXCyYtTselblcHl9PJFFVKiCAy/bY97+BPZXSQ2wbq0P9s8tK2G7dFQfNnlJnPAiArVBVBsfA==",
      "peer": true
    },
    "zone.js": {
      "version": "0.13.1",
      "resolved": "https://registry.npmjs.org/zone.js/-/zone.js-0.13.1.tgz",
      "integrity": "sha512-+bIeDAFEBYuXRuU3qGQvzdPap+N1zjM4KkBAiiQuVVCrHrhjDuY6VkUhNa5+U27+9w0q3fbKiMCbpJ0XzMmSWA==",
      "peer": true,
      "requires": {
        "tslib": "^2.3.0"
      }
    }
  }
}
